
Microsoft Visual Studio Solution File, Format Version 12.00
# Visual Studio Version 16
VisualStudioVersion = 16.0.31729.503
MinimumVisualStudioVersion = 10.0.40219.1
Project("{FAE04EC0-301F-11D3-BF4B-00C04F79EFBC}") = "QUANLYCONCUNG", "QUANLYCONCUNG\QUANLYCONCUNG.csproj", "{DD273395-82DD-4F68-BEAA-71A456FF3890}"
EndProject
Global
	GlobalSection(SolutionConfigurationPlatforms) = preSolution
		Debug|Any CPU = Debug|Any CPU
		Release|Any CPU = Release|Any CPU
	EndGlobalSection
	GlobalSection(ProjectConfigurationPlatforms) = postSolution
		{DD273395-82DD-4F68-BEAA-71A456FF3890}.Debug|Any CPU.ActiveCfg = Debug|Any CPU
		{DD273395-82DD-4F68-BEAA-71A456FF3890}.Debug|Any CPU.Build.0 = Debug|Any CPU
		{DD273395-82DD-4F68-BEAA-71A456FF3890}.Release|Any CPU.ActiveCfg = Release|Any CPU
		{DD273395-82DD-4F68-BEAA-71A456FF3890}.Release|Any CPU.Build.0 = Release|Any CPU
	EndGlobalSection
	GlobalSection(SolutionProperties) = preSolution
		HideSolutionNode = FALSE
	EndGlobalSection
	GlobalSection(ExtensibilityGlobals) = postSolution
		SolutionGuid = {FAF72E97-E9DA-4907-B589-989FF43120B8}
	EndGlobalSection
EndGlobal
